
Microsoft Visual Studio Solution File, Format Version 12.00
Project("{FAE04EC0-301F-11D3-BF4B-00C04F79EFBC}") = "NWN.HotReload", "NWN.HotReload\NWN.HotReload.csproj", "{0CB55278-BE4F-477E-9EE4-FA47BA710CBD}"
EndProject
Global
	GlobalSection(SolutionConfigurationPlatforms) = preSolution
		Debug|Any CPU = Debug|Any CPU
		Release|Any CPU = Release|Any CPU
	EndGlobalSection
	GlobalSection(ProjectConfigurationPlatforms) = postSolution
		{0CB55278-BE4F-477E-9EE4-FA47BA710CBD}.Debug|Any CPU.ActiveCfg = Debug|Any CPU
		{0CB55278-BE4F-477E-9EE4-FA47BA710CBD}.Debug|Any CPU.Build.0 = Debug|Any CPU
		{0CB55278-BE4F-477E-9EE4-FA47BA710CBD}.Release|Any CPU.ActiveCfg = Release|Any CPU
		{0CB55278-BE4F-477E-9EE4-FA47BA710CBD}.Release|Any CPU.Build.0 = Release|Any CPU
	EndGlobalSection
EndGlobal
